speakeasyVersion: 1.418.4
sources:
    PetStore-OAS:
        sourceNamespace: pet-store-oas
        sourceRevisionDigest: sha256:e9e82c24ef41ccb23a7853bca1b8670f4a21b2c9b289b3dd4828e5e3787ce371
        sourceBlobDigest: sha256:39553e4f051054755ccecf271a43f2e94aba86933d8a5e2ac489b9626059430a
        tags:
            - latest
targets:
    pet-store:
        source: PetStore-OAS
        sourceNamespace: pet-store-oas
        sourceRevisionDigest: sha256:e9e82c24ef41ccb23a7853bca1b8670f4a21b2c9b289b3dd4828e5e3787ce371
        sourceBlobDigest: sha256:39553e4f051054755ccecf271a43f2e94aba86933d8a5e2ac489b9626059430a
workflow:
    workflowVersion: 1.0.0
    speakeasyVersion: latest
    sources:
        PetStore-OAS:
            inputs:
                - location: ../../openapi/petstore.yaml
            registry:
                location: registry.speakeasyapi.dev/speakeasy-self/nick-test/pet-store-oas
    targets:
        pet-store:
            target: typescript
            source: PetStore-OAS
